
Microsoft Visual Studio Solution File, Format Version 12.00
# Visual Studio Version 16
VisualStudioVersion = 16.0.31321.278
MinimumVisualStudioVersion = 10.0.40219.1
Project("{FAE04EC0-301F-11D3-BF4B-00C04F79EFBC}") = "WNE", "WNE.csproj", "{1A724D1A-793C-42CD-BA38-CF0252085755}"
EndProject
Global
	GlobalSection(SolutionConfigurationPlatforms) = preSolution
		Debug|Any CPU = Debug|Any CPU
		Release|Any CPU = Release|Any CPU
	EndGlobalSection
	GlobalSection(ProjectConfigurationPlatforms) = postSolution
		{1A724D1A-793C-42CD-BA38-CF0252085755}.Debug|Any CPU.ActiveCfg = Debug|Any CPU
		{1A724D1A-793C-42CD-BA38-CF0252085755}.Debug|Any CPU.Build.0 = Debug|Any CPU
		{1A724D1A-793C-42CD-BA38-CF0252085755}.Release|Any CPU.ActiveCfg = Release|Any CPU
		{1A724D1A-793C-42CD-BA38-CF0252085755}.Release|Any CPU.Build.0 = Release|Any CPU
	EndGlobalSection
	GlobalSection(SolutionProperties) = preSolution
		HideSolutionNode = FALSE
	EndGlobalSection
	GlobalSection(ExtensibilityGlobals) = postSolution
		SolutionGuid = {EC1C6434-4F50-4558-808F-1C94D612DC17}
	EndGlobalSection
EndGlobal
